
Microsoft Visual Studio Solution File, Format Version 12.00
# Visual Studio Version 17
VisualStudioVersion = 17.5.002.0
MinimumVisualStudioVersion = 10.0.40219.1
Project("{9A19103F-16F7-4668-BE54-9A1E7A4F7556}") = "portfolio-franquitom-api", "portfolio-franquitom-api.csproj", "{9AFC2C31-9046-4D72-A23A-87EB29D0BA8A}"
EndProject
Global
	GlobalSection(SolutionConfigurationPlatforms) = preSolution
		Debug|Any CPU = Debug|Any CPU
		Release|Any CPU = Release|Any CPU
	EndGlobalSection
	GlobalSection(ProjectConfigurationPlatforms) = postSolution
		{9AFC2C31-9046-4D72-A23A-87EB29D0BA8A}.Debug|Any CPU.ActiveCfg = Debug|Any CPU
		{9AFC2C31-9046-4D72-A23A-87EB29D0BA8A}.Debug|Any CPU.Build.0 = Debug|Any CPU
		{9AFC2C31-9046-4D72-A23A-87EB29D0BA8A}.Release|Any CPU.ActiveCfg = Release|Any CPU
		{9AFC2C31-9046-4D72-A23A-87EB29D0BA8A}.Release|Any CPU.Build.0 = Release|Any CPU
	EndGlobalSection
	GlobalSection(SolutionProperties) = preSolution
		HideSolutionNode = FALSE
	EndGlobalSection
	GlobalSection(ExtensibilityGlobals) = postSolution
		SolutionGuid = {E2552480-4B7D-4C96-9C35-5E405BD7054D}
	EndGlobalSection
EndGlobal
